
Microsoft Visual Studio Solution File, Format Version 12.00
# Visual Studio Version 16
VisualStudioVersion = 16.0.31727.386
MinimumVisualStudioVersion = 10.0.40219.1
Project("{8BC9CEB8-8B4A-11D0-8D11-00A0C91BC942}") = "BinaryBoi", "BinaryBoi.vcxproj", "{E5CD7510-76E3-491E-B098-D7B3CB9D6250}"
EndProject
Global
	GlobalSection(SolutionConfigurationPlatforms) = preSolution
		Debug|x64 = Debug|x64
		Release|x64 = Release|x64
	EndGlobalSection
	GlobalSection(ProjectConfigurationPlatforms) = postSolution
		{E5CD7510-76E3-491E-B098-D7B3CB9D6250}.Debug|x64.ActiveCfg = Debug|x64
		{E5CD7510-76E3-491E-B098-D7B3CB9D6250}.Debug|x64.Build.0 = Debug|x64
		{E5CD7510-76E3-491E-B098-D7B3CB9D6250}.Release|x64.ActiveCfg = Release|x64
		{E5CD7510-76E3-491E-B098-D7B3CB9D6250}.Release|x64.Build.0 = Release|x64
	EndGlobalSection
	GlobalSection(SolutionProperties) = preSolution
		HideSolutionNode = FALSE
	EndGlobalSection
	GlobalSection(ExtensibilityGlobals) = postSolution
		SolutionGuid = {259D2E60-92B2-4B4B-AC4B-DA8EC10F6E24}
	EndGlobalSection
EndGlobal
